// !$*UTF8*$!
{
	archiveVersion = 1;
	classes = {
	};
	objectVersion = 50;
	objects = {

/* Begin PBXBuildFile section */
		CEC6CF6725592C92001E4C0D /* AppDelegate.swift in Sources */ = {isa = PBXBuildFile; fileRef = CEC6CF6625592C92001E4C0D /* AppDelegate.swift */; };
		CEC6CF6925592C92001E4C0D /* SceneDelegate.swift in Sources */ = {isa = PBXBuildFile; fileRef = CEC6CF6825592C92001E4C0D /* SceneDelegate.swift */; };
		CEC6CF6B25592C92001E4C0D /* ViewController.swift in Sources */ = {isa = PBXBuildFile; fileRef = CEC6CF6A25592C92001E4C0D /* ViewController.swift */; };
		CEC6CF6E25592C92001E4C0D /* Main.storyboard in Resources */ = {isa = PBXBuildFile; fileRef = CEC6CF6C25592C92001E4C0D /* Main.storyboard */; };
		CEC6CF7025592C93001E4C0D /* Assets.xcassets in Resources */ = {isa = PBXBuildFile; fileRef = CEC6CF6F25592C93001E4C0D /* Assets.xcassets */; };
		CEC6CF7325592C93001E4C0D /* LaunchScreen.storyboard in Resources */ = {isa = PBXBuildFile; fileRef = CEC6CF7125592C93001E4C0D /* LaunchScreen.storyboard */; };
		CEC6CF7B25596088001E4C0D /* fonts in Resources */ = {isa = PBXBuildFile; fileRef = CEC6CF7A25596088001E4C0D /* fonts */; };
/* End PBXBuildFile section */

/* Begin PBXFileReference section */
		CEC6CF6325592C92001E4C0D /* tellerium-iOS.app */ = {isa = PBXFileReference; explicitFileType = wrapper.application; includeInIndex = 0; path = "tellerium-iOS.app"; sourceTree = BUILT_PRODUCTS_DIR; };
		CEC6CF6625592C92001E4C0D /* AppDelegate.swift */ = {isa = PBXFileReference; lastKnownFileType = sourcecode.swift; path = AppDelegate.swift; sourceTree = "<group>"; };
		CEC6CF6825592C92001E4C0D /* SceneDelegate.swift */ = {isa = PBXFileReference; lastKnownFileType = sourcecode.swift; path = SceneDelegate.swift; sourceTree = "<group>"; };
		CEC6CF6A25592C92001E4C0D /* ViewController.swift */ = {isa = PBXFileReference; lastKnownFileType = sourcecode.swift; path = ViewController.swift; sourceTree = "<group>"; };
		CEC6CF6D25592C92001E4C0D /* Base */ = {isa = PBXFileReference; lastKnownFileType = file.storyboard; name = Base; path = Base.lproj/Main.storyboard; sourceTree = "<group>"; };
		CEC6CF6F25592C93001E4C0D /* Assets.xcassets */ = {isa = PBXFileReference; lastKnownFileType = folder.assetcatalog; path = Assets.xcassets; sourceTree = "<group>"; };
		CEC6CF7225592C93001E4C0D /* Base */ = {isa = PBXFileReference; lastKnownFileType = file.storyboard; name = Base; path = Base.lproj/LaunchScreen.storyboard; sourceTree = "<group>"; };
		CEC6CF7425592C93001E4C0D /* Info.plist */ = {isa = PBXFileReference; lastKnownFileType = text.plist.xml; path = Info.plist; sourceTree = "<group>"; };
		CEC6CF7A25596088001E4C0D /* fonts */ = {isa = PBXFileReference; lastKnownFileType = folder; path = fonts; sourceTree = "<group>"; };
/* End PBXFileReference section */

/* Begin PBXFrameworksBuildPhase section */
		CEC6CF6025592C92001E4C0D /* Frameworks */ = {
			isa = PBXFrameworksBuildPhase;
			buildActionMask = 2147483647;
			files = (
			);
			runOnlyForDeploymentPostprocessing = 0;
		};
/* End PBXFrameworksBuildPhase section */

/* Begin PBXGroup section */
		CEC6CF5A25592C92001E4C0D = {
			isa = PBXGroup;
			children = (
				CEC6CF6525592C92001E4C0D /* tellerium-iOS */,
				CEC6CF6425592C92001E4C0D /* Products */,
			);
			sourceTree = "<group>";
		};
		CEC6CF6425592C92001E4C0D /* Products */ = {
			isa = PBXGroup;
			children = (
				CEC6CF6325592C92001E4C0D /* tellerium-iOS.app */,
			);
			name = Products;
			sourceTree = "<group>";
		};
		CEC6CF6525592C92001E4C0D /* tellerium-iOS */ = {
			isa = PBXGroup;
			children = (
				CEC6CF6625592C92001E4C0D /* AppDelegate.swift */,
				CEC6CF6825592C92001E4C0D /* SceneDelegate.swift */,
				CEC6CF6A25592C92001E4C0D /* ViewController.swift */,
				CEC6CF6C25592C92001E4C0D /* Main.storyboard */,
				CEC6CF6F25592C93001E4C0D /* Assets.xcassets */,
				CEC6CF7125592C93001E4C0D /* LaunchScreen.storyboard */,
				CEC6CF7A25596088001E4C0D /* fonts */,
				CEC6CF7425592C93001E4C0D /* Info.plist */,
			);
			path = "tellerium-iOS";
			sourceTree = "<group>";
		};
/* End PBXGroup section */

/* Begin PBXNativeTarget section */
		CEC6CF6225592C92001E4C0D /* tellerium-iOS */ = {
			isa = PBXNativeTarget;
			buildConfigurationList = CEC6CF7725592C93001E4C0D /* Build configuration list for PBXNativeTarget "tellerium-iOS" */;
			buildPhases = (
				CEC6CF5F25592C92001E4C0D /* Sources */,
				CEC6CF6025592C92001E4C0D /* Frameworks */,
				CEC6CF6125592C92001E4C0D /* Resources */,
			);
			buildRules = (
			);
			dependencies = (
			);
			name = "tellerium-iOS";
			productName = "tellerium-iOS";
			productReference = CEC6CF6325592C92001E4C0D /* tellerium-iOS.app */;
			productType = "com.apple.product-type.application";
		};
/* End PBXNativeTarget section */

/* Begin PBXProject section */
		CEC6CF5B25592C92001E4C0D /* Project object */ = {
			isa = PBXProject;
			attributes = {
				LastSwiftUpdateCheck = 1130;
				LastUpgradeCheck = 1130;
				ORGANIZATIONNAME = Icelod;
				TargetAttributes = {
					CEC6CF6225592C92001E4C0D = {
						CreatedOnToolsVersion = 11.3.1;
					};
				};
			};
			buildConfigurationList = CEC6CF5E25592C92001E4C0D /* Build configuration list for PBXProject "tellerium-iOS" */;
			compatibilityVersion = "Xcode 9.3";
			developmentRegion = en;
			hasScannedForEncodings = 0;
			knownRegions = (
				en,
				Base,
			);
			mainGroup = CEC6CF5A25592C92001E4C0D;
			productRefGroup = CEC6CF6425592C92001E4C0D /* Products */;
			projectDirPath = "";
			projectRoot = "";
			targets = (
				CEC6CF6225592C92001E4C0D /* tellerium-iOS */,
			);
		};
/* End PBXProject section */

/* Begin PBXResourcesBuildPhase section */
		CEC6CF6125592C92001E4C0D /* Resources */ = {
			isa = PBXResourcesBuildPhase;
			buildActionMask = 2147483647;
			files = (
				CEC6CF7325592C93001E4C0D /* LaunchScreen.storyboard in Resources */,
				CEC6CF7025592C93001E4C0D /* Assets.xcassets in Resources */,
				CEC6CF6E25592C92001E4C0D /* Main.storyboard in Resources */,
				CEC6CF7B25596088001E4C0D /* fonts in Resources */,
			);
			runOnlyForDeploymentPostprocessing = 0;
		};
/* End PBXResourcesBuildPhase section */

/* Begin PBXSourcesBuildPhase section */
		CEC6CF5F25592C92001E4C0D /* Sources */ = {
			isa = PBXSourcesBuildPhase;
			buildActionMask = 2147483647;
			files = (
				CEC6CF6B25592C92001E4C0D /* ViewController.swift in Sources */,
				CEC6CF6725592C92001E4C0D /* AppDelegate.swift in Sources */,
				CEC6CF6925592C92001E4C0D /* SceneDelegate.swift in Sources */,
			);
			runOnlyForDeploymentPostprocessing = 0;
		};
/* End PBXSourcesBuildPhase section */

/* Begin PBXVariantGroup section */
		CEC6CF6C25592C92001E4C0D /* Main.storyboard */ = {
			isa = PBXVariantGroup;
			children = (
				CEC6CF6D25592C92001E4C0D /* Base */,
			);
			name = Main.storyboard;
			sourceTree = "<group>";
		};
		CEC6CF7125592C93001E4C0D /* LaunchScreen.storyboard */ = {
			isa = PBXVariantGroup;
			children = (
				CEC6CF7225592C93001E4C0D /* Base */,
			);
			name = LaunchScreen.storyboard;
			sourceTree = "<group>";
		};
/* End PBXVariantGroup section */

/* Begin XCBuildConfiguration section */
		CEC6CF7525592C93001E4C0D /* Debug */ = {
			isa = XCBuildConfiguration;
			buildSettings = {
				ALWAYS_SEARCH_USER_PATHS = NO;
				CLANG_ANALYZER_NONNULL = YES;
				CLANG_ANALYZER_NUMBER_OBJECT_CONVERSION = YES_AGGRESSIVE;
				CLANG_CXX_LANGUAGE_STANDARD = "gnu++14";
				CLANG_CXX_LIBRARY = "libc++";
				CLANG_ENABLE_MODULES = YES;
				CLANG_ENABLE_OBJC_ARC = YES;
				CLANG_ENABLE_OBJC_WEAK = YES;
				CLANG_WARN_BLOCK_CAPTURE_AUTORELEASING = YES;
				CLANG_WARN_BOOL_CONVERSION = YES;
				CLANG_WARN_COMMA = YES;
				CLANG_WARN_CONSTANT_CONVERSION = YES;
				CLANG_WARN_DEPRECATED_OBJC_IMPLEMENTATIONS = YES;
				CLANG_WARN_DIRECT_OBJC_ISA_USAGE = YES_ERROR;
				CLANG_WARN_DOCUMENTATION_COMMENTS = YES;
				CLANG_WARN_EMPTY_BODY = YES;
				CLANG_WARN_ENUM_CONVERSION = YES;
				CLANG_WARN_INFINITE_RECURSION = YES;
				CLANG_WARN_INT_CONVERSION = YES;
				CLANG_WARN_NON_LITERAL_NULL_CONVERSION = YES;
				CLANG_WARN_OBJC_IMPLICIT_RETAIN_SELF = YES;
				CLANG_WARN_OBJC_LITERAL_CONVERSION = YES;
				CLANG_WARN_OBJC_ROOT_CLASS = YES_ERROR;
				CLANG_WARN_RANGE_LOOP_ANALYSIS = YES;
				CLANG_WARN_STRICT_PROTOTYPES = YES;
				CLANG_WARN_SUSPICIOUS_MOVE = YES;
				CLANG_WARN_UNGUARDED_AVAILABILITY = YES_AGGRESSIVE;
				CLANG_WARN_UNREACHABLE_CODE = YES;
				CLANG_WARN__DUPLICATE_METHOD_MATCH = YES;
				COPY_PHASE_STRIP = NO;
				DEBUG_INFORMATION_FORMAT = dwarf;
				ENABLE_STRICT_OBJC_MSGSEND = YES;
				ENABLE_TESTABILITY = YES;
				GCC_C_LANGUAGE_STANDARD = gnu11;
				GCC_DYNAMIC_NO_PIC = NO;
				GCC_NO_COMMON_BLOCKS = YES;
				GCC_OPTIMIZATION_LEVEL = 0;
				GCC_PREPROCESSOR_DEFINITIONS = (
					"DEBUG=1",
					"$(inherited)",
				);
				GCC_WARN_64_TO_32_BIT_CONVERSION = YES;
				GCC_WARN_ABOUT_RETURN_TYPE = YES_ERROR;
				GCC_WARN_UNDECLARED_SELECTOR = YES;
				GCC_WARN_UNINITIALIZED_AUTOS = YES_AGGRESSIVE;
				GCC_WARN_UNUSED_FUNCTION = YES;
				GCC_WARN_UNUSED_VARIABLE = YES;
				IPHONEOS_DEPLOYMENT_TARGET = 13.2;
				MTL_ENABLE_DEBUG_INFO = INCLUDE_SOURCE;
				MTL_FAST_MATH = YES;
				ONLY_ACTIVE_ARCH = YES;
				SDKROOT = iphoneos;
				SWIFT_ACTIVE_COMPILATION_CONDITIONS = DEBUG;
				SWIFT_OPTIMIZATION_LEVEL = "-Onone";
			};
			name = Debug;
		};
		CEC6CF7625592C93001E4C0D /* Release */ = {
			isa = XCBuildConfiguration;
			buildSettings = {
				ALWAYS_SEARCH_USER_PATHS = NO;
				CLANG_ANALYZER_NONNULL = YES;
				CLANG_ANALYZER_NUMBER_OBJECT_CONVERSION = YES_AGGRESSIVE;
				CLANG_CXX_LANGUAGE_STANDARD = "gnu++14";
				CLANG_CXX_LIBRARY = "libc++";
				CLANG_ENABLE_MODULES = YES;
				CLANG_ENABLE_OBJC_ARC = YES;
				CLANG_ENABLE_OBJC_WEAK = YES;
				CLANG_WARN_BLOCK_CAPTURE_AUTORELEASING = YES;
				CLANG_WARN_BOOL_CONVERSION = YES;
				CLANG_WARN_COMMA = YES;
				CLANG_WARN_CONSTANT_CONVERSION = YES;
				CLANG_WARN_DEPRECATED_OBJC_IMPLEMENTATIONS = YES;
				CLANG_WARN_DIRECT_OBJC_ISA_USAGE = YES_ERROR;
				CLANG_WARN_DOCUMENTATION_COMMENTS = YES;
				CLANG_WARN_EMPTY_BODY = YES;
				CLANG_WARN_ENUM_CONVERSION = YES;
				CLANG_WARN_INFINITE_RECURSION = YES;
				CLANG_WARN_INT_CONVERSION = YES;
				CLANG_WARN_NON_LITERAL_NULL_CONVERSION = YES;
				CLANG_WARN_OBJC_IMPLICIT_RETAIN_SELF = YES;
				CLANG_WARN_OBJC_LITERAL_CONVERSION = YES;
				CLANG_WARN_OBJC_ROOT_CLASS = YES_ERROR;
				CLANG_WARN_RANGE_LOOP_ANALYSIS = YES;
				CLANG_WARN_STRICT_PROTOTYPES = YES;
				CLANG_WARN_SUSPICIOUS_MOVE = YES;
				CLANG_WARN_UNGUARDED_AVAILABILITY = YES_AGGRESSIVE;
				CLANG_WARN_UNREACHABLE_CODE = YES;
				CLANG_WARN__DUPLICATE_METHOD_MATCH = YES;
				COPY_PHASE_STRIP = NO;
				DEBUG_INFORMATION_FORMAT = "dwarf-with-dsym";
				ENABLE_NS_ASSERTIONS = NO;
				ENABLE_STRICT_OBJC_MSGSEND = YES;
				GCC_C_LANGUAGE_STANDARD = gnu11;
				GCC_NO_COMMON_BLOCKS = YES;
				GCC_WARN_64_TO_32_BIT_CONVERSION = YES;
				GCC_WARN_ABOUT_RETURN_TYPE = YES_ERROR;
				GCC_WARN_UNDECLARED_SELECTOR = YES;
				GCC_WARN_UNINITIALIZED_AUTOS = YES_AGGRESSIVE;
				GCC_WARN_UNUSED_FUNCTION = YES;
				GCC_WARN_UNUSED_VARIABLE = YES;
				IPHONEOS_DEPLOYMENT_TARGET = 13.2;
				MTL_ENABLE_DEBUG_INFO = NO;
				MTL_FAST_MATH = YES;
				SDKROOT = iphoneos;
				SWIFT_COMPILATION_MODE = wholemodule;
				SWIFT_OPTIMIZATION_LEVEL = "-O";
				VALIDATE_PRODUCT = YES;
			};
			name = Release;
		};
		CEC6CF7825592C93001E4C0D /* Debug */ = {
			isa = XCBuildConfiguration;
			buildSettings = {
				ASSETCATALOG_COMPILER_APPICON_NAME = AppIcon;
				CODE_SIGN_STYLE = Automatic;
				DEVELOPMENT_TEAM = G24R4552BR;
				INFOPLIST_FILE = "tellerium-iOS/Info.plist";
				LD_RUNPATH_SEARCH_PATHS = (
					"$(inherited)",
					"@executable_path/Frameworks",
				);
				PRODUCT_BUNDLE_IDENTIFIER = "com.clevmania.tellerium-iOS";
				PRODUCT_NAME = "$(TARGET_NAME)";
				SWIFT_VERSION = 5.0;
				TARGETED_DEVICE_FAMILY = 1;
			};
			name = Debug;
		};
		CEC6CF7925592C93001E4C0D /* Release */ = {
			isa = XCBuildConfiguration;
			buildSettings = {
				ASSETCATALOG_COMPILER_APPICON_NAME = AppIcon;
				CODE_SIGN_STYLE = Automatic;
				DEVELOPMENT_TEAM = G24R4552BR;
				INFOPLIST_FILE = "tellerium-iOS/Info.plist";
				LD_RUNPATH_SEARCH_PATHS = (
					"$(inherited)",
					"@executable_path/Frameworks",
				);
				PRODUCT_BUNDLE_IDENTIFIER = "com.clevmania.tellerium-iOS";
				PRODUCT_NAME = "$(TARGET_NAME)";
				SWIFT_VERSION = 5.0;
				TARGETED_DEVICE_FAMILY = 1;
			};
			name = Release;
		};
/* End XCBuildConfiguration section */

/* Begin XCConfigurationList section */
		CEC6CF5E25592C92001E4C0D /* Build configuration list for PBXProject "tellerium-iOS" */ = {
			isa = XCConfigurationList;
			buildConfigurations = (
				CEC6CF7525592C93001E4C0D /* Debug */,
				CEC6CF7625592C93001E4C0D /* Release */,
			);
			defaultConfigurationIsVisible = 0;
			defaultConfigurationName = Release;
		};
		CEC6CF7725592C93001E4C0D /* Build configuration list for PBXNativeTarget "tellerium-iOS" */ = {
			isa = XCConfigurationList;
			buildConfigurations = (
				CEC6CF7825592C93001E4C0D /* Debug */,
				CEC6CF7925592C93001E4C0D /* Release */,
			);
			defaultConfigurationIsVisible = 0;
			defaultConfigurationName = Release;
		};
/* End XCConfigurationList section */
	};
	rootObject = CEC6CF5B25592C92001E4C0D /* Project object */;
}
