// !$*UTF8*$!
{
	archiveVersion = 1;
	classes = {
	};
	objectVersion = 51;
	objects = {

/* Begin PBXBuildFile section */
		54E635C3F5E674AD3B70FA42 /* Pods_tellerium_iOS.framework in Frameworks */ = {isa = PBXBuildFile; fileRef = A67D2C85B81C4AF6A8481868 /* Pods_tellerium_iOS.framework */; };
		CE5EC42D2564E27600F73F55 /* RegisterViewController.swift in Sources */ = {isa = PBXBuildFile; fileRef = CE5EC42C2564E27600F73F55 /* RegisterViewController.swift */; };
		CE5EC42F2564E2FD00F73F55 /* FarmersViewController.swift in Sources */ = {isa = PBXBuildFile; fileRef = CE5EC42E2564E2FD00F73F55 /* FarmersViewController.swift */; };
		CE5EC4312564E9A000F73F55 /* GoogleService-Info.plist in Resources */ = {isa = PBXBuildFile; fileRef = CE5EC4302564E9A000F73F55 /* GoogleService-Info.plist */; };
		CE5EC4352564FBE700F73F55 /* Podfile.lock in Resources */ = {isa = PBXBuildFile; fileRef = CE5EC4322564FBE600F73F55 /* Podfile.lock */; };
		CE5EC4362564FBE700F73F55 /* README.md in Resources */ = {isa = PBXBuildFile; fileRef = CE5EC4332564FBE600F73F55 /* README.md */; };
		CE5EC4372564FBE700F73F55 /* Podfile in Resources */ = {isa = PBXBuildFile; fileRef = CE5EC4342564FBE700F73F55 /* Podfile */; };
		CE5EC4412565585800F73F55 /* Lato-Light.ttf in Resources */ = {isa = PBXBuildFile; fileRef = CE5EC4402565585800F73F55 /* Lato-Light.ttf */; };
		CE5EC4452565589D00F73F55 /* source_sans_pro_light.ttf in Resources */ = {isa = PBXBuildFile; fileRef = CE5EC4442565589D00F73F55 /* source_sans_pro_light.ttf */; };
		CE5EC447256558A200F73F55 /* source_sans_pro_regular.ttf in Resources */ = {isa = PBXBuildFile; fileRef = CE5EC446256558A200F73F55 /* source_sans_pro_regular.ttf */; };
		CE5EC449256558A700F73F55 /* source_sans_pro_semi_bold.ttf in Resources */ = {isa = PBXBuildFile; fileRef = CE5EC448256558A700F73F55 /* source_sans_pro_semi_bold.ttf */; };
		CE5EC44B256558AC00F73F55 /* Ubuntu-Medium.ttf in Resources */ = {isa = PBXBuildFile; fileRef = CE5EC44A256558AC00F73F55 /* Ubuntu-Medium.ttf */; };
		CE5EC44E25655AF100F73F55 /* source_sans_pro_bold.ttf in Resources */ = {isa = PBXBuildFile; fileRef = CE5EC44D25655AD200F73F55 /* source_sans_pro_bold.ttf */; };
		CE5EC4502569B5D100F73F55 /* Constants.swift in Sources */ = {isa = PBXBuildFile; fileRef = CE5EC44F2569B5D100F73F55 /* Constants.swift */; };
		CEC6CF6725592C92001E4C0D /* AppDelegate.swift in Sources */ = {isa = PBXBuildFile; fileRef = CEC6CF6625592C92001E4C0D /* AppDelegate.swift */; };
		CEC6CF6925592C92001E4C0D /* SceneDelegate.swift in Sources */ = {isa = PBXBuildFile; fileRef = CEC6CF6825592C92001E4C0D /* SceneDelegate.swift */; };
		CEC6CF6B25592C92001E4C0D /* LoginViewController.swift in Sources */ = {isa = PBXBuildFile; fileRef = CEC6CF6A25592C92001E4C0D /* LoginViewController.swift */; };
		CEC6CF6E25592C92001E4C0D /* Main.storyboard in Resources */ = {isa = PBXBuildFile; fileRef = CEC6CF6C25592C92001E4C0D /* Main.storyboard */; };
		CEC6CF7025592C93001E4C0D /* Assets.xcassets in Resources */ = {isa = PBXBuildFile; fileRef = CEC6CF6F25592C93001E4C0D /* Assets.xcassets */; };
		CEC6CF7325592C93001E4C0D /* LaunchScreen.storyboard in Resources */ = {isa = PBXBuildFile; fileRef = CEC6CF7125592C93001E4C0D /* LaunchScreen.storyboard */; };
		CEC6CF7D255A34AB001E4C0D /* Utility.swift in Sources */ = {isa = PBXBuildFile; fileRef = CEC6CF7C255A34AB001E4C0D /* Utility.swift */; };
/* End PBXBuildFile section */

/* Begin PBXFileReference section */
		0F1C68AB77711D9529B8D2E0 /* Pods-tellerium-iOS.release.xcconfig */ = {isa = PBXFileReference; includeInIndex = 1; lastKnownFileType = text.xcconfig; name = "Pods-tellerium-iOS.release.xcconfig"; path = "Target Support Files/Pods-tellerium-iOS/Pods-tellerium-iOS.release.xcconfig"; sourceTree = "<group>"; };
		9388952A2535D69A623235E7 /* Pods-tellerium-iOS.debug.xcconfig */ = {isa = PBXFileReference; includeInIndex = 1; lastKnownFileType = text.xcconfig; name = "Pods-tellerium-iOS.debug.xcconfig"; path = "Target Support Files/Pods-tellerium-iOS/Pods-tellerium-iOS.debug.xcconfig"; sourceTree = "<group>"; };
		A67D2C85B81C4AF6A8481868 /* Pods_tellerium_iOS.framework */ = {isa = PBXFileReference; explicitFileType = wrapper.framework; includeInIndex = 0; path = Pods_tellerium_iOS.framework; sourceTree = BUILT_PRODUCTS_DIR; };
		CE5EC42C2564E27600F73F55 /* RegisterViewController.swift */ = {isa = PBXFileReference; lastKnownFileType = sourcecode.swift; path = RegisterViewController.swift; sourceTree = "<group>"; };
		CE5EC42E2564E2FD00F73F55 /* FarmersViewController.swift */ = {isa = PBXFileReference; lastKnownFileType = sourcecode.swift; path = FarmersViewController.swift; sourceTree = "<group>"; };
		CE5EC4302564E9A000F73F55 /* GoogleService-Info.plist */ = {isa = PBXFileReference; fileEncoding = 4; lastKnownFileType = text.plist.xml; name = "GoogleService-Info.plist"; path = "../../../../Downloads/GoogleService-Info.plist"; sourceTree = "<group>"; };
		CE5EC4322564FBE600F73F55 /* Podfile.lock */ = {isa = PBXFileReference; fileEncoding = 4; lastKnownFileType = text; path = Podfile.lock; sourceTree = "<group>"; };
		CE5EC4332564FBE600F73F55 /* README.md */ = {isa = PBXFileReference; fileEncoding = 4; lastKnownFileType = net.daringfireball.markdown; path = README.md; sourceTree = "<group>"; };
		CE5EC4342564FBE700F73F55 /* Podfile */ = {isa = PBXFileReference; fileEncoding = 4; lastKnownFileType = text; path = Podfile; sourceTree = "<group>"; };
		CE5EC4402565585800F73F55 /* Lato-Light.ttf */ = {isa = PBXFileReference; lastKnownFileType = file; path = "Lato-Light.ttf"; sourceTree = "<group>"; };
		CE5EC4442565589D00F73F55 /* source_sans_pro_light.ttf */ = {isa = PBXFileReference; lastKnownFileType = file; path = source_sans_pro_light.ttf; sourceTree = "<group>"; };
		CE5EC446256558A200F73F55 /* source_sans_pro_regular.ttf */ = {isa = PBXFileReference; lastKnownFileType = file; path = source_sans_pro_regular.ttf; sourceTree = "<group>"; };
		CE5EC448256558A700F73F55 /* source_sans_pro_semi_bold.ttf */ = {isa = PBXFileReference; lastKnownFileType = file; path = source_sans_pro_semi_bold.ttf; sourceTree = "<group>"; };
		CE5EC44A256558AC00F73F55 /* Ubuntu-Medium.ttf */ = {isa = PBXFileReference; lastKnownFileType = file; path = "Ubuntu-Medium.ttf"; sourceTree = "<group>"; };
		CE5EC44D25655AD200F73F55 /* source_sans_pro_bold.ttf */ = {isa = PBXFileReference; lastKnownFileType = file; path = source_sans_pro_bold.ttf; sourceTree = "<group>"; };
		CE5EC44F2569B5D100F73F55 /* Constants.swift */ = {isa = PBXFileReference; lastKnownFileType = sourcecode.swift; path = Constants.swift; sourceTree = "<group>"; };
		CEC6CF6325592C92001E4C0D /* tellerium-iOS.app */ = {isa = PBXFileReference; explicitFileType = wrapper.application; includeInIndex = 0; path = "tellerium-iOS.app"; sourceTree = BUILT_PRODUCTS_DIR; };
		CEC6CF6625592C92001E4C0D /* AppDelegate.swift */ = {isa = PBXFileReference; lastKnownFileType = sourcecode.swift; path = AppDelegate.swift; sourceTree = "<group>"; };
		CEC6CF6825592C92001E4C0D /* SceneDelegate.swift */ = {isa = PBXFileReference; lastKnownFileType = sourcecode.swift; path = SceneDelegate.swift; sourceTree = "<group>"; };
		CEC6CF6A25592C92001E4C0D /* LoginViewController.swift */ = {isa = PBXFileReference; lastKnownFileType = sourcecode.swift; path = LoginViewController.swift; sourceTree = "<group>"; };
		CEC6CF6D25592C92001E4C0D /* Base */ = {isa = PBXFileReference; lastKnownFileType = file.storyboard; name = Base; path = Base.lproj/Main.storyboard; sourceTree = "<group>"; };
		CEC6CF6F25592C93001E4C0D /* Assets.xcassets */ = {isa = PBXFileReference; lastKnownFileType = folder.assetcatalog; path = Assets.xcassets; sourceTree = "<group>"; };
		CEC6CF7225592C93001E4C0D /* Base */ = {isa = PBXFileReference; lastKnownFileType = file.storyboard; name = Base; path = Base.lproj/LaunchScreen.storyboard; sourceTree = "<group>"; };
		CEC6CF7425592C93001E4C0D /* Info.plist */ = {isa = PBXFileReference; lastKnownFileType = text.plist.xml; path = Info.plist; sourceTree = "<group>"; };
		CEC6CF7A25596088001E4C0D /* fonts */ = {isa = PBXFileReference; lastKnownFileType = folder; path = fonts; sourceTree = "<group>"; };
		CEC6CF7C255A34AB001E4C0D /* Utility.swift */ = {isa = PBXFileReference; lastKnownFileType = sourcecode.swift; path = Utility.swift; sourceTree = "<group>"; };
/* End PBXFileReference section */

/* Begin PBXFrameworksBuildPhase section */
		CEC6CF6025592C92001E4C0D /* Frameworks */ = {
			isa = PBXFrameworksBuildPhase;
			buildActionMask = 2147483647;
			files = (
				54E635C3F5E674AD3B70FA42 /* Pods_tellerium_iOS.framework in Frameworks */,
			);
			runOnlyForDeploymentPostprocessing = 0;
		};
/* End PBXFrameworksBuildPhase section */

/* Begin PBXGroup section */
		15DB1E591B3C441B6230A288 /* Frameworks */ = {
			isa = PBXGroup;
			children = (
				A67D2C85B81C4AF6A8481868 /* Pods_tellerium_iOS.framework */,
			);
			name = Frameworks;
			sourceTree = "<group>";
		};
		87B7E1360F99A9654722E878 /* Pods */ = {
			isa = PBXGroup;
			children = (
				9388952A2535D69A623235E7 /* Pods-tellerium-iOS.debug.xcconfig */,
				0F1C68AB77711D9529B8D2E0 /* Pods-tellerium-iOS.release.xcconfig */,
			);
			path = Pods;
			sourceTree = "<group>";
		};
		CE5EC42B2564E1D000F73F55 /* Controllers */ = {
			isa = PBXGroup;
			children = (
				CEC6CF6A25592C92001E4C0D /* LoginViewController.swift */,
				CE5EC42C2564E27600F73F55 /* RegisterViewController.swift */,
				CE5EC42E2564E2FD00F73F55 /* FarmersViewController.swift */,
			);
			path = Controllers;
			sourceTree = "<group>";
		};
		CE5EC43825653F0500F73F55 /* View */ = {
			isa = PBXGroup;
			children = (
				CEC6CF6C25592C92001E4C0D /* Main.storyboard */,
			);
			path = View;
			sourceTree = "<group>";
		};
		CEC6CF5A25592C92001E4C0D = {
			isa = PBXGroup;
			children = (
				CE5EC4342564FBE700F73F55 /* Podfile */,
				CE5EC4322564FBE600F73F55 /* Podfile.lock */,
				CE5EC4332564FBE600F73F55 /* README.md */,
				CEC6CF6525592C92001E4C0D /* tellerium-iOS */,
				CEC6CF6425592C92001E4C0D /* Products */,
				87B7E1360F99A9654722E878 /* Pods */,
				15DB1E591B3C441B6230A288 /* Frameworks */,
			);
			sourceTree = "<group>";
		};
		CEC6CF6425592C92001E4C0D /* Products */ = {
			isa = PBXGroup;
			children = (
				CEC6CF6325592C92001E4C0D /* tellerium-iOS.app */,
			);
			name = Products;
			sourceTree = "<group>";
		};
		CEC6CF6525592C92001E4C0D /* tellerium-iOS */ = {
			isa = PBXGroup;
			children = (
				CEC6CF7E255A829A001E4C0D /* res */,
				CEC6CF6625592C92001E4C0D /* AppDelegate.swift */,
				CEC6CF6825592C92001E4C0D /* SceneDelegate.swift */,
				CE5EC42B2564E1D000F73F55 /* Controllers */,
				CE5EC43825653F0500F73F55 /* View */,
				CEC6CF6F25592C93001E4C0D /* Assets.xcassets */,
				CEC6CF7125592C93001E4C0D /* LaunchScreen.storyboard */,
				CEC6CF7425592C93001E4C0D /* Info.plist */,
				CE5EC4302564E9A000F73F55 /* GoogleService-Info.plist */,
				CEC6CF7C255A34AB001E4C0D /* Utility.swift */,
				CE5EC44F2569B5D100F73F55 /* Constants.swift */,
			);
			path = "tellerium-iOS";
			sourceTree = "<group>";
		};
		CEC6CF7E255A829A001E4C0D /* res */ = {
			isa = PBXGroup;
			children = (
				CE5EC4402565585800F73F55 /* Lato-Light.ttf */,
				CE5EC4442565589D00F73F55 /* source_sans_pro_light.ttf */,
				CE5EC446256558A200F73F55 /* source_sans_pro_regular.ttf */,
				CE5EC448256558A700F73F55 /* source_sans_pro_semi_bold.ttf */,
				CE5EC44D25655AD200F73F55 /* source_sans_pro_bold.ttf */,
				CE5EC44A256558AC00F73F55 /* Ubuntu-Medium.ttf */,
				CEC6CF7A25596088001E4C0D /* fonts */,
			);
			path = res;
			sourceTree = "<group>";
		};
/* End PBXGroup section */

/* Begin PBXNativeTarget section */
		CEC6CF6225592C92001E4C0D /* tellerium-iOS */ = {
			isa = PBXNativeTarget;
			buildConfigurationList = CEC6CF7725592C93001E4C0D /* Build configuration list for PBXNativeTarget "tellerium-iOS" */;
			buildPhases = (
				EA388609EBCD59D61536960F /* [CP] Check Pods Manifest.lock */,
				CEC6CF5F25592C92001E4C0D /* Sources */,
				CEC6CF6025592C92001E4C0D /* Frameworks */,
				CEC6CF6125592C92001E4C0D /* Resources */,
				0D00EFEA425D8C6BB31A38D2 /* [CP] Embed Pods Frameworks */,
			);
			buildRules = (
			);
			dependencies = (
			);
			name = "tellerium-iOS";
			productName = "tellerium-iOS";
			productReference = CEC6CF6325592C92001E4C0D /* tellerium-iOS.app */;
			productType = "com.apple.product-type.application";
		};
/* End PBXNativeTarget section */

/* Begin PBXProject section */
		CEC6CF5B25592C92001E4C0D /* Project object */ = {
			isa = PBXProject;
			attributes = {
				LastSwiftUpdateCheck = 1130;
				LastUpgradeCheck = 1130;
				ORGANIZATIONNAME = Icelod;
				TargetAttributes = {
					CEC6CF6225592C92001E4C0D = {
						CreatedOnToolsVersion = 11.3.1;
					};
				};
			};
			buildConfigurationList = CEC6CF5E25592C92001E4C0D /* Build configuration list for PBXProject "tellerium-iOS" */;
			compatibilityVersion = "Xcode 9.3";
			developmentRegion = en;
			hasScannedForEncodings = 0;
			knownRegions = (
				en,
				Base,
			);
			mainGroup = CEC6CF5A25592C92001E4C0D;
			productRefGroup = CEC6CF6425592C92001E4C0D /* Products */;
			projectDirPath = "";
			projectRoot = "";
			targets = (
				CEC6CF6225592C92001E4C0D /* tellerium-iOS */,
			);
		};
/* End PBXProject section */

/* Begin PBXResourcesBuildPhase section */
		CEC6CF6125592C92001E4C0D /* Resources */ = {
			isa = PBXResourcesBuildPhase;
			buildActionMask = 2147483647;
			files = (
				CE5EC4352564FBE700F73F55 /* Podfile.lock in Resources */,
				CEC6CF7325592C93001E4C0D /* LaunchScreen.storyboard in Resources */,
				CE5EC4372564FBE700F73F55 /* Podfile in Resources */,
				CEC6CF7025592C93001E4C0D /* Assets.xcassets in Resources */,
				CE5EC4362564FBE700F73F55 /* README.md in Resources */,
				CE5EC4312564E9A000F73F55 /* GoogleService-Info.plist in Resources */,
				CEC6CF6E25592C92001E4C0D /* Main.storyboard in Resources */,
				CE5EC4452565589D00F73F55 /* source_sans_pro_light.ttf in Resources */,
				CE5EC4412565585800F73F55 /* Lato-Light.ttf in Resources */,
				CE5EC44E25655AF100F73F55 /* source_sans_pro_bold.ttf in Resources */,
				CE5EC449256558A700F73F55 /* source_sans_pro_semi_bold.ttf in Resources */,
				CE5EC447256558A200F73F55 /* source_sans_pro_regular.ttf in Resources */,
				CE5EC44B256558AC00F73F55 /* Ubuntu-Medium.ttf in Resources */,
			);
			runOnlyForDeploymentPostprocessing = 0;
		};
/* End PBXResourcesBuildPhase section */

/* Begin PBXShellScriptBuildPhase section */
		0D00EFEA425D8C6BB31A38D2 /* [CP] Embed Pods Frameworks */ = {
			isa = PBXShellScriptBuildPhase;
			buildActionMask = 2147483647;
			files = (
			);
			inputFileListPaths = (
				"${PODS_ROOT}/Target Support Files/Pods-tellerium-iOS/Pods-tellerium-iOS-frameworks-${CONFIGURATION}-input-files.xcfilelist",
			);
			name = "[CP] Embed Pods Frameworks";
			outputFileListPaths = (
				"${PODS_ROOT}/Target Support Files/Pods-tellerium-iOS/Pods-tellerium-iOS-frameworks-${CONFIGURATION}-output-files.xcfilelist",
			);
			runOnlyForDeploymentPostprocessing = 0;
			shellPath = /bin/sh;
			shellScript = "\"${PODS_ROOT}/Target Support Files/Pods-tellerium-iOS/Pods-tellerium-iOS-frameworks.sh\"\n";
			showEnvVarsInLog = 0;
		};
		EA388609EBCD59D61536960F /* [CP] Check Pods Manifest.lock */ = {
			isa = PBXShellScriptBuildPhase;
			buildActionMask = 2147483647;
			files = (
			);
			inputFileListPaths = (
			);
			inputPaths = (
				"${PODS_PODFILE_DIR_PATH}/Podfile.lock",
				"${PODS_ROOT}/Manifest.lock",
			);
			name = "[CP] Check Pods Manifest.lock";
			outputFileListPaths = (
			);
			outputPaths = (
				"$(DERIVED_FILE_DIR)/Pods-tellerium-iOS-checkManifestLockResult.txt",
			);
			runOnlyForDeploymentPostprocessing = 0;
			shellPath = /bin/sh;
			shellScript = "diff \"${PODS_PODFILE_DIR_PATH}/Podfile.lock\" \"${PODS_ROOT}/Manifest.lock\" > /dev/null\nif [ $? != 0 ] ; then\n    # print error to STDERR\n    echo \"error: The sandbox is not in sync with the Podfile.lock. Run 'pod install' or update your CocoaPods installation.\" >&2\n    exit 1\nfi\n# This output is used by Xcode 'outputs' to avoid re-running this script phase.\necho \"SUCCESS\" > \"${SCRIPT_OUTPUT_FILE_0}\"\n";
			showEnvVarsInLog = 0;
		};
/* End PBXShellScriptBuildPhase section */

/* Begin PBXSourcesBuildPhase section */
		CEC6CF5F25592C92001E4C0D /* Sources */ = {
			isa = PBXSourcesBuildPhase;
			buildActionMask = 2147483647;
			files = (
				CEC6CF6B25592C92001E4C0D /* LoginViewController.swift in Sources */,
				CE5EC42F2564E2FD00F73F55 /* FarmersViewController.swift in Sources */,
				CE5EC42D2564E27600F73F55 /* RegisterViewController.swift in Sources */,
				CEC6CF7D255A34AB001E4C0D /* Utility.swift in Sources */,
				CE5EC4502569B5D100F73F55 /* Constants.swift in Sources */,
				CEC6CF6725592C92001E4C0D /* AppDelegate.swift in Sources */,
				CEC6CF6925592C92001E4C0D /* SceneDelegate.swift in Sources */,
			);
			runOnlyForDeploymentPostprocessing = 0;
		};
/* End PBXSourcesBuildPhase section */

/* Begin PBXVariantGroup section */
		CEC6CF6C25592C92001E4C0D /* Main.storyboard */ = {
			isa = PBXVariantGroup;
			children = (
				CEC6CF6D25592C92001E4C0D /* Base */,
			);
			name = Main.storyboard;
			sourceTree = "<group>";
		};
		CEC6CF7125592C93001E4C0D /* LaunchScreen.storyboard */ = {
			isa = PBXVariantGroup;
			children = (
				CEC6CF7225592C93001E4C0D /* Base */,
			);
			name = LaunchScreen.storyboard;
			sourceTree = "<group>";
		};
/* End PBXVariantGroup section */

/* Begin XCBuildConfiguration section */
		CEC6CF7525592C93001E4C0D /* Debug */ = {
			isa = XCBuildConfiguration;
			buildSettings = {
				ALWAYS_SEARCH_USER_PATHS = NO;
				CLANG_ANALYZER_NONNULL = YES;
				CLANG_ANALYZER_NUMBER_OBJECT_CONVERSION = YES_AGGRESSIVE;
				CLANG_CXX_LANGUAGE_STANDARD = "gnu++14";
				CLANG_CXX_LIBRARY = "libc++";
				CLANG_ENABLE_MODULES = YES;
				CLANG_ENABLE_OBJC_ARC = YES;
				CLANG_ENABLE_OBJC_WEAK = YES;
				CLANG_WARN_BLOCK_CAPTURE_AUTORELEASING = YES;
				CLANG_WARN_BOOL_CONVERSION = YES;
				CLANG_WARN_COMMA = YES;
				CLANG_WARN_CONSTANT_CONVERSION = YES;
				CLANG_WARN_DEPRECATED_OBJC_IMPLEMENTATIONS = YES;
				CLANG_WARN_DIRECT_OBJC_ISA_USAGE = YES_ERROR;
				CLANG_WARN_DOCUMENTATION_COMMENTS = YES;
				CLANG_WARN_EMPTY_BODY = YES;
				CLANG_WARN_ENUM_CONVERSION = YES;
				CLANG_WARN_INFINITE_RECURSION = YES;
				CLANG_WARN_INT_CONVERSION = YES;
				CLANG_WARN_NON_LITERAL_NULL_CONVERSION = YES;
				CLANG_WARN_OBJC_IMPLICIT_RETAIN_SELF = YES;
				CLANG_WARN_OBJC_LITERAL_CONVERSION = YES;
				CLANG_WARN_OBJC_ROOT_CLASS = YES_ERROR;
				CLANG_WARN_RANGE_LOOP_ANALYSIS = YES;
				CLANG_WARN_STRICT_PROTOTYPES = YES;
				CLANG_WARN_SUSPICIOUS_MOVE = YES;
				CLANG_WARN_UNGUARDED_AVAILABILITY = YES_AGGRESSIVE;
				CLANG_WARN_UNREACHABLE_CODE = YES;
				CLANG_WARN__DUPLICATE_METHOD_MATCH = YES;
				COPY_PHASE_STRIP = NO;
				DEBUG_INFORMATION_FORMAT = dwarf;
				ENABLE_STRICT_OBJC_MSGSEND = YES;
				ENABLE_TESTABILITY = YES;
				GCC_C_LANGUAGE_STANDARD = gnu11;
				GCC_DYNAMIC_NO_PIC = NO;
				GCC_NO_COMMON_BLOCKS = YES;
				GCC_OPTIMIZATION_LEVEL = 0;
				GCC_PREPROCESSOR_DEFINITIONS = (
					"DEBUG=1",
					"$(inherited)",
				);
				GCC_WARN_64_TO_32_BIT_CONVERSION = YES;
				GCC_WARN_ABOUT_RETURN_TYPE = YES_ERROR;
				GCC_WARN_UNDECLARED_SELECTOR = YES;
				GCC_WARN_UNINITIALIZED_AUTOS = YES_AGGRESSIVE;
				GCC_WARN_UNUSED_FUNCTION = YES;
				GCC_WARN_UNUSED_VARIABLE = YES;
				IPHONEOS_DEPLOYMENT_TARGET = 13.2;
				MTL_ENABLE_DEBUG_INFO = INCLUDE_SOURCE;
				MTL_FAST_MATH = YES;
				ONLY_ACTIVE_ARCH = YES;
				SDKROOT = iphoneos;
				SWIFT_ACTIVE_COMPILATION_CONDITIONS = DEBUG;
				SWIFT_OPTIMIZATION_LEVEL = "-Onone";
			};
			name = Debug;
		};
		CEC6CF7625592C93001E4C0D /* Release */ = {
			isa = XCBuildConfiguration;
			buildSettings = {
				ALWAYS_SEARCH_USER_PATHS = NO;
				CLANG_ANALYZER_NONNULL = YES;
				CLANG_ANALYZER_NUMBER_OBJECT_CONVERSION = YES_AGGRESSIVE;
				CLANG_CXX_LANGUAGE_STANDARD = "gnu++14";
				CLANG_CXX_LIBRARY = "libc++";
				CLANG_ENABLE_MODULES = YES;
				CLANG_ENABLE_OBJC_ARC = YES;
				CLANG_ENABLE_OBJC_WEAK = YES;
				CLANG_WARN_BLOCK_CAPTURE_AUTORELEASING = YES;
				CLANG_WARN_BOOL_CONVERSION = YES;
				CLANG_WARN_COMMA = YES;
				CLANG_WARN_CONSTANT_CONVERSION = YES;
				CLANG_WARN_DEPRECATED_OBJC_IMPLEMENTATIONS = YES;
				CLANG_WARN_DIRECT_OBJC_ISA_USAGE = YES_ERROR;
				CLANG_WARN_DOCUMENTATION_COMMENTS = YES;
				CLANG_WARN_EMPTY_BODY = YES;
				CLANG_WARN_ENUM_CONVERSION = YES;
				CLANG_WARN_INFINITE_RECURSION = YES;
				CLANG_WARN_INT_CONVERSION = YES;
				CLANG_WARN_NON_LITERAL_NULL_CONVERSION = YES;
				CLANG_WARN_OBJC_IMPLICIT_RETAIN_SELF = YES;
				CLANG_WARN_OBJC_LITERAL_CONVERSION = YES;
				CLANG_WARN_OBJC_ROOT_CLASS = YES_ERROR;
				CLANG_WARN_RANGE_LOOP_ANALYSIS = YES;
				CLANG_WARN_STRICT_PROTOTYPES = YES;
				CLANG_WARN_SUSPICIOUS_MOVE = YES;
				CLANG_WARN_UNGUARDED_AVAILABILITY = YES_AGGRESSIVE;
				CLANG_WARN_UNREACHABLE_CODE = YES;
				CLANG_WARN__DUPLICATE_METHOD_MATCH = YES;
				COPY_PHASE_STRIP = NO;
				DEBUG_INFORMATION_FORMAT = "dwarf-with-dsym";
				ENABLE_NS_ASSERTIONS = NO;
				ENABLE_STRICT_OBJC_MSGSEND = YES;
				GCC_C_LANGUAGE_STANDARD = gnu11;
				GCC_NO_COMMON_BLOCKS = YES;
				GCC_WARN_64_TO_32_BIT_CONVERSION = YES;
				GCC_WARN_ABOUT_RETURN_TYPE = YES_ERROR;
				GCC_WARN_UNDECLARED_SELECTOR = YES;
				GCC_WARN_UNINITIALIZED_AUTOS = YES_AGGRESSIVE;
				GCC_WARN_UNUSED_FUNCTION = YES;
				GCC_WARN_UNUSED_VARIABLE = YES;
				IPHONEOS_DEPLOYMENT_TARGET = 13.2;
				MTL_ENABLE_DEBUG_INFO = NO;
				MTL_FAST_MATH = YES;
				SDKROOT = iphoneos;
				SWIFT_COMPILATION_MODE = wholemodule;
				SWIFT_OPTIMIZATION_LEVEL = "-O";
				VALIDATE_PRODUCT = YES;
			};
			name = Release;
		};
		CEC6CF7825592C93001E4C0D /* Debug */ = {
			isa = XCBuildConfiguration;
			baseConfigurationReference = 9388952A2535D69A623235E7 /* Pods-tellerium-iOS.debug.xcconfig */;
			buildSettings = {
				ASSETCATALOG_COMPILER_APPICON_NAME = AppIcon;
				CODE_SIGN_STYLE = Automatic;
				DEVELOPMENT_TEAM = G24R4552BR;
				INFOPLIST_FILE = "tellerium-iOS/Info.plist";
				LD_RUNPATH_SEARCH_PATHS = (
					"$(inherited)",
					"@executable_path/Frameworks",
				);
				PRODUCT_BUNDLE_IDENTIFIER = "com.clevmania.tellerium-iOS";
				PRODUCT_NAME = "$(TARGET_NAME)";
				SWIFT_VERSION = 5.0;
				TARGETED_DEVICE_FAMILY = 1;
			};
			name = Debug;
		};
		CEC6CF7925592C93001E4C0D /* Release */ = {
			isa = XCBuildConfiguration;
			baseConfigurationReference = 0F1C68AB77711D9529B8D2E0 /* Pods-tellerium-iOS.release.xcconfig */;
			buildSettings = {
				ASSETCATALOG_COMPILER_APPICON_NAME = AppIcon;
				CODE_SIGN_STYLE = Automatic;
				DEVELOPMENT_TEAM = G24R4552BR;
				INFOPLIST_FILE = "tellerium-iOS/Info.plist";
				LD_RUNPATH_SEARCH_PATHS = (
					"$(inherited)",
					"@executable_path/Frameworks",
				);
				PRODUCT_BUNDLE_IDENTIFIER = "com.clevmania.tellerium-iOS";
				PRODUCT_NAME = "$(TARGET_NAME)";
				SWIFT_VERSION = 5.0;
				TARGETED_DEVICE_FAMILY = 1;
			};
			name = Release;
		};
/* End XCBuildConfiguration section */

/* Begin XCConfigurationList section */
		CEC6CF5E25592C92001E4C0D /* Build configuration list for PBXProject "tellerium-iOS" */ = {
			isa = XCConfigurationList;
			buildConfigurations = (
				CEC6CF7525592C93001E4C0D /* Debug */,
				CEC6CF7625592C93001E4C0D /* Release */,
			);
			defaultConfigurationIsVisible = 0;
			defaultConfigurationName = Release;
		};
		CEC6CF7725592C93001E4C0D /* Build configuration list for PBXNativeTarget "tellerium-iOS" */ = {
			isa = XCConfigurationList;
			buildConfigurations = (
				CEC6CF7825592C93001E4C0D /* Debug */,
				CEC6CF7925592C93001E4C0D /* Release */,
			);
			defaultConfigurationIsVisible = 0;
			defaultConfigurationName = Release;
		};
/* End XCConfigurationList section */
	};
	rootObject = CEC6CF5B25592C92001E4C0D /* Project object */;
}
